
Microsoft Visual Studio Solution File, Format Version 12.00
# Visual Studio Version 16
VisualStudioVersion = 16.0.31727.386
MinimumVisualStudioVersion = 10.0.40219.1
Project("{9A19103F-16F7-4668-BE54-9A1E7A4F7556}") = "Api1", "Api1\Api1.csproj", "{9FE72EFA-5755-43DD-B473-A7C86540A592}"
EndProject
Project("{FAE04EC0-301F-11D3-BF4B-00C04F79EFBC}") = "Collection", "Collection\Collection.csproj", "{3C594A77-AF65-4D47-A96A-E59B75E04E65}"
EndProject
Project("{FAE04EC0-301F-11D3-BF4B-00C04F79EFBC}") = "LinqToSql", "LinqToSql\LinqToSql.csproj", "{C1202314-7A37-4F32-A06C-4013A341FFFE}"
EndProject
Project("{FAE04EC0-301F-11D3-BF4B-00C04F79EFBC}") = "LinqIntroduction", "LinqIntroduction\LinqIntroduction.csproj", "{E79D1E89-F707-4431-B91A-98108E65377B}"
EndProject
Project("{FAE04EC0-301F-11D3-BF4B-00C04F79EFBC}") = "Enum", "Enum\Enum.csproj", "{BCC365BA-4CFE-463F-9E4A-43809ACC17B7}"
EndProject
Project("{FAE04EC0-301F-11D3-BF4B-00C04F79EFBC}") = "AnonymousMethods", "AnonymousMethods\AnonymousMethods.csproj", "{49394DA5-97FE-44A0-BC2E-55D4A902CF22}"
EndProject
Project("{FAE04EC0-301F-11D3-BF4B-00C04F79EFBC}") = "AnonymousForm", "AnonymousForm\AnonymousForm.csproj", "{C2070AD3-68A3-4E9F-863E-34A3E891AFFA}"
EndProject
Project("{FAE04EC0-301F-11D3-BF4B-00C04F79EFBC}") = "GenericDelegate", "GenericDelegate\GenericDelegate.csproj", "{B3AB4FA8-4448-43F2-ADDE-E8DC87F0DACA}"
EndProject
Project("{FAE04EC0-301F-11D3-BF4B-00C04F79EFBC}") = "ExtensionMethod", "ExtensionMethod\ExtensionMethod.csproj", "{263CD02F-A251-450B-AA1E-377189C7BE2F}"
EndProject
Project("{FAE04EC0-301F-11D3-BF4B-00C04F79EFBC}") = "StringAndStringbuilder", "StringAndStringbuilder\StringAndStringbuilder.csproj", "{70AAEF23-087E-4039-AE05-C54122E5DE60}"
EndProject
Project("{FAE04EC0-301F-11D3-BF4B-00C04F79EFBC}") = "ExceptionHandling", "ExceptionHandling\ExceptionHandling.csproj", "{6EAA5056-D667-4805-8A48-855098AE4A33}"
EndProject
Project("{FAE04EC0-301F-11D3-BF4B-00C04F79EFBC}") = "MultiThreading", "MultiThreading\MultiThreading.csproj", "{C288EF9E-D49C-48C5-8EB5-8BFC7277234C}"
EndProject
Project("{2150E333-8FDC-42A3-9474-1A3956D46DE8}") = "Collections", "Collections", "{2D4F47F0-AF1D-4349-BC6C-180881B1ADE8}"
EndProject
Project("{FAE04EC0-301F-11D3-BF4B-00C04F79EFBC}") = "Dictionary", "Dictionary\Dictionary.csproj", "{7C711BF1-84FE-4943-85FE-1EEFEFD21825}"
EndProject
Project("{FAE04EC0-301F-11D3-BF4B-00C04F79EFBC}") = "PartialMethods", "PartialMethods\PartialMethods.csproj", "{AD7571CC-A4D4-497C-8529-929A2A8793DA}"
EndProject
Project("{FAE04EC0-301F-11D3-BF4B-00C04F79EFBC}") = "LambdaExpression", "LambdaExpression\LambdaExpression.csproj", "{1BAB2347-CD32-4946-8678-6CF8A073DDF1}"
EndProject
Project("{9A19103F-16F7-4668-BE54-9A1E7A4F7556}") = "ProductsAPI", "ProductsAPI\ProductsAPI.csproj", "{2D6FA357-1414-49EB-AEBE-15DDF4A0C48F}"
EndProject
Project("{FAE04EC0-301F-11D3-BF4B-00C04F79EFBC}") = "Dispose", "Dispose\Dispose.csproj", "{1A3305CC-8BF2-403A-B452-BC0D8D407874}"
EndProject
Project("{FAE04EC0-301F-11D3-BF4B-00C04F79EFBC}") = "EFCodeFirst", "EFCodeFirst\EFCodeFirst\EFCodeFirst.csproj", "{A7C26E68-2E01-413F-A77B-7FF11CACC333}"
EndProject
Project("{FAE04EC0-301F-11D3-BF4B-00C04F79EFBC}") = "EntityFramework", "EF DB First\EntityFramework\EntityFramework.csproj", "{197E63F0-AADE-4B9D-A2B7-DFF3A5EFB74A}"
EndProject
Project("{FAE04EC0-301F-11D3-BF4B-00C04F79EFBC}") = "ModelFirst", "EFModelFirst\ModelFirst\ModelFirst.csproj", "{E567C228-D6B3-4C09-BEF7-8CCD7031FA10}"
EndProject
Project("{FAE04EC0-301F-11D3-BF4B-00C04F79EFBC}") = "ArrayListDemo", "ArrayList\ArrayListDemo.csproj", "{5395A9C7-4803-4374-A059-A58C95875F43}"
EndProject
Project("{FAE04EC0-301F-11D3-BF4B-00C04F79EFBC}") = "HashTableDemo", "HashTableDemo\HashTableDemo.csproj", "{E70CE4C2-09C7-4795-AD0F-1E3A66B7930A}"
EndProject
Project("{FAE04EC0-301F-11D3-BF4B-00C04F79EFBC}") = "GenericMethod", "GenericMethod\GenericMethod.csproj", "{9CA31741-3BFF-46A2-AE80-25B606DC3510}"
EndProject
Project("{FAE04EC0-301F-11D3-BF4B-00C04F79EFBC}") = "GenericList", "GenericList\GenericList.csproj", "{D523266D-49B7-4929-BFA3-8F7BE6237C87}"
EndProject
Project("{FAE04EC0-301F-11D3-BF4B-00C04F79EFBC}") = "Icomparable", "Icomparable\Icomparable.csproj", "{6DFA1C8F-70F0-4AE8-9E95-9B414ACFAED6}"
EndProject
Project("{2150E333-8FDC-42A3-9474-1A3956D46DE8}") = "DateTimeInfo", "DateTimeInfo", "{ED364E3B-09C7-49D2-BBDB-38487962E061}"
EndProject
Project("{FAE04EC0-301F-11D3-BF4B-00C04F79EFBC}") = "Demo1", "Demo1\Demo1.csproj", "{32833658-A3C7-4ADC-A72E-7DCFEFF593D4}"
EndProject
Project("{FAE04EC0-301F-11D3-BF4B-00C04F79EFBC}") = "IENumerableAndIenumerator", "IENumerableAndIenumerator\IENumerableAndIenumerator.csproj", "{B9EFFEA6-3A53-4D7F-8DDE-660112C05AC4}"
EndProject
Project("{FAE04EC0-301F-11D3-BF4B-00C04F79EFBC}") = "AsynAndAwaitDemo", "AsynAndAwaitDemo\AsynAndAwaitDemo.csproj", "{3CCCB91C-4F86-43C0-A303-4D0B79BC4DC2}"
EndProject
Project("{9A19103F-16F7-4668-BE54-9A1E7A4F7556}") = "DependecyInjectionDemo", "DependecyInjectionDemo\DependecyInjectionDemo.csproj", "{358C094B-620C-47C6-A5C1-D69E52146E96}"
EndProject
Project("{9A19103F-16F7-4668-BE54-9A1E7A4F7556}") = "ApiWithEFDemo", "ApiWithEFDemo\ApiWithEFDemo.csproj", "{B07EB304-1276-48BA-AF05-57E40975B25F}"
EndProject
Project("{2150E333-8FDC-42A3-9474-1A3956D46DE8}") = "Design Pattern", "Design Pattern", "{FDEEDEF3-89E7-417C-9D6D-CADFE6EBB94B}"
EndProject
Project("{FAE04EC0-301F-11D3-BF4B-00C04F79EFBC}") = "Singleton", "Singleton\Singleton.csproj", "{85E2EA18-DB71-4922-82EA-46DB671B6A4A}"
EndProject
Project("{FAE04EC0-301F-11D3-BF4B-00C04F79EFBC}") = "SingletonDemoWithThread", "SingletonDemoWithThread\SingletonDemoWithThread.csproj", "{4B377587-E665-42F4-BB52-F0419C82D5C1}"
EndProject
Project("{FAE04EC0-301F-11D3-BF4B-00C04F79EFBC}") = "EagerLoadingDemo", "EagerLoadingDemo\EagerLoadingDemo.csproj", "{BD3FA984-7CDD-4C0F-9ACB-C10B71A1E627}"
EndProject
Project("{FAE04EC0-301F-11D3-BF4B-00C04F79EFBC}") = "LazyLoadingDemo", "LazyLoadingDemo\LazyLoadingDemo.csproj", "{5EC4E925-6E8C-4772-A241-B5F38C20A2B8}"
EndProject
Project("{FAE04EC0-301F-11D3-BF4B-00C04F79EFBC}") = "StaticClassDemo", "StaticClassDemo\StaticClassDemo.csproj", "{39F3B8B6-FBC9-4A42-88A5-33F03E767430}"
EndProject
Project("{FAE04EC0-301F-11D3-BF4B-00C04F79EFBC}") = "ExpressionDemo", "ExpressionDemo\ExpressionDemo.csproj", "{1CCDC262-020B-46AA-9AE3-C2DF9584C24D}"
EndProject
Project("{FAE04EC0-301F-11D3-BF4B-00C04F79EFBC}") = "ReflectionDemo", "ReflectionDemo\ReflectionDemo.csproj", "{B012D9E2-CC6D-407F-A9C5-AE8EC5136A8C}"
EndProject
Project("{FAE04EC0-301F-11D3-BF4B-00C04F79EFBC}") = "WebAppCustomLogging", "WebAppCustomLogging\WebAppCustomLogging.csproj", "{A99C7260-A2D4-4B8B-B223-8014CC6F8F8E}"
EndProject
Project("{9A19103F-16F7-4668-BE54-9A1E7A4F7556}") = "Logger", "Logger\Logger.csproj", "{1C054C07-A0D3-4544-B465-850BD15ED4CA}"
EndProject
Project("{FAE04EC0-301F-11D3-BF4B-00C04F79EFBC}") = "OtpGenerationDemo", "OtpGenerationDemo\OtpGenerationDemo.csproj", "{1FAB3EFA-2B4B-42F2-9A15-8D79DA1CE370}"
EndProject
Project("{2150E333-8FDC-42A3-9474-1A3956D46DE8}") = "ChatAppDemo", "ChatAppDemo", "{32B2EED6-3D56-471C-ACF8-977ED42E60B2}"
EndProject
Project("{FAE04EC0-301F-11D3-BF4B-00C04F79EFBC}") = "Sender", "Send\Sender.csproj", "{30BB4772-ED87-4FD3-A12C-FF15D6CCEF0C}"
EndProject
Project("{FAE04EC0-301F-11D3-BF4B-00C04F79EFBC}") = "Reciever", "Reciever\Reciever.csproj", "{48B23D33-63BA-4598-ADAB-3727F54135F4}"
EndProject
Global
	GlobalSection(SolutionConfigurationPlatforms) = preSolution
		Debug|Any CPU = Debug|Any CPU
		Debug|x86 = Debug|x86
		Release|Any CPU = Release|Any CPU
		Release|x86 = Release|x86
	EndGlobalSection
	GlobalSection(ProjectConfigurationPlatforms) = postSolution
		{9FE72EFA-5755-43DD-B473-A7C86540A592}.Debug|Any CPU.ActiveCfg = Debug|Any CPU
		{9FE72EFA-5755-43DD-B473-A7C86540A592}.Debug|Any CPU.Build.0 = Debug|Any CPU
		{9FE72EFA-5755-43DD-B473-A7C86540A592}.Debug|x86.ActiveCfg = Debug|Any CPU
		{9FE72EFA-5755-43DD-B473-A7C86540A592}.Debug|x86.Build.0 = Debug|Any CPU
		{9FE72EFA-5755-43DD-B473-A7C86540A592}.Release|Any CPU.ActiveCfg = Release|Any CPU
		{9FE72EFA-5755-43DD-B473-A7C86540A592}.Release|Any CPU.Build.0 = Release|Any CPU
		{9FE72EFA-5755-43DD-B473-A7C86540A592}.Release|x86.ActiveCfg = Release|Any CPU
		{9FE72EFA-5755-43DD-B473-A7C86540A592}.Release|x86.Build.0 = Release|Any CPU
		{3C594A77-AF65-4D47-A96A-E59B75E04E65}.Debug|Any CPU.ActiveCfg = Debug|Any CPU
		{3C594A77-AF65-4D47-A96A-E59B75E04E65}.Debug|Any CPU.Build.0 = Debug|Any CPU
		{3C594A77-AF65-4D47-A96A-E59B75E04E65}.Debug|x86.ActiveCfg = Debug|Any CPU
		{3C594A77-AF65-4D47-A96A-E59B75E04E65}.Debug|x86.Build.0 = Debug|Any CPU
		{3C594A77-AF65-4D47-A96A-E59B75E04E65}.Release|Any CPU.ActiveCfg = Release|Any CPU
		{3C594A77-AF65-4D47-A96A-E59B75E04E65}.Release|Any CPU.Build.0 = Release|Any CPU
		{3C594A77-AF65-4D47-A96A-E59B75E04E65}.Release|x86.ActiveCfg = Release|Any CPU
		{3C594A77-AF65-4D47-A96A-E59B75E04E65}.Release|x86.Build.0 = Release|Any CPU
		{C1202314-7A37-4F32-A06C-4013A341FFFE}.Debug|Any CPU.ActiveCfg = Debug|Any CPU
		{C1202314-7A37-4F32-A06C-4013A341FFFE}.Debug|Any CPU.Build.0 = Debug|Any CPU
		{C1202314-7A37-4F32-A06C-4013A341FFFE}.Debug|x86.ActiveCfg = Debug|Any CPU
		{C1202314-7A37-4F32-A06C-4013A341FFFE}.Debug|x86.Build.0 = Debug|Any CPU
		{C1202314-7A37-4F32-A06C-4013A341FFFE}.Release|Any CPU.ActiveCfg = Release|Any CPU
		{C1202314-7A37-4F32-A06C-4013A341FFFE}.Release|Any CPU.Build.0 = Release|Any CPU
		{C1202314-7A37-4F32-A06C-4013A341FFFE}.Release|x86.ActiveCfg = Release|Any CPU
		{C1202314-7A37-4F32-A06C-4013A341FFFE}.Release|x86.Build.0 = Release|Any CPU
		{E79D1E89-F707-4431-B91A-98108E65377B}.Debug|Any CPU.ActiveCfg = Debug|Any CPU
		{E79D1E89-F707-4431-B91A-98108E65377B}.Debug|Any CPU.Build.0 = Debug|Any CPU
		{E79D1E89-F707-4431-B91A-98108E65377B}.Debug|x86.ActiveCfg = Debug|Any CPU
		{E79D1E89-F707-4431-B91A-98108E65377B}.Debug|x86.Build.0 = Debug|Any CPU
		{E79D1E89-F707-4431-B91A-98108E65377B}.Release|Any CPU.ActiveCfg = Release|Any CPU
		{E79D1E89-F707-4431-B91A-98108E65377B}.Release|Any CPU.Build.0 = Release|Any CPU
		{E79D1E89-F707-4431-B91A-98108E65377B}.Release|x86.ActiveCfg = Release|Any CPU
		{E79D1E89-F707-4431-B91A-98108E65377B}.Release|x86.Build.0 = Release|Any CPU
		{BCC365BA-4CFE-463F-9E4A-43809ACC17B7}.Debug|Any CPU.ActiveCfg = Debug|Any CPU
		{BCC365BA-4CFE-463F-9E4A-43809ACC17B7}.Debug|Any CPU.Build.0 = Debug|Any CPU
		{BCC365BA-4CFE-463F-9E4A-43809ACC17B7}.Debug|x86.ActiveCfg = Debug|Any CPU
		{BCC365BA-4CFE-463F-9E4A-43809ACC17B7}.Debug|x86.Build.0 = Debug|Any CPU
		{BCC365BA-4CFE-463F-9E4A-43809ACC17B7}.Release|Any CPU.ActiveCfg = Release|Any CPU
		{BCC365BA-4CFE-463F-9E4A-43809ACC17B7}.Release|Any CPU.Build.0 = Release|Any CPU
		{BCC365BA-4CFE-463F-9E4A-43809ACC17B7}.Release|x86.ActiveCfg = Release|Any CPU
		{BCC365BA-4CFE-463F-9E4A-43809ACC17B7}.Release|x86.Build.0 = Release|Any CPU
		{49394DA5-97FE-44A0-BC2E-55D4A902CF22}.Debug|Any CPU.ActiveCfg = Debug|Any CPU
		{49394DA5-97FE-44A0-BC2E-55D4A902CF22}.Debug|Any CPU.Build.0 = Debug|Any CPU
		{49394DA5-97FE-44A0-BC2E-55D4A902CF22}.Debug|x86.ActiveCfg = Debug|Any CPU
		{49394DA5-97FE-44A0-BC2E-55D4A902CF22}.Debug|x86.Build.0 = Debug|Any CPU
		{49394DA5-97FE-44A0-BC2E-55D4A902CF22}.Release|Any CPU.ActiveCfg = Release|Any CPU
		{49394DA5-97FE-44A0-BC2E-55D4A902CF22}.Release|Any CPU.Build.0 = Release|Any CPU
		{49394DA5-97FE-44A0-BC2E-55D4A902CF22}.Release|x86.ActiveCfg = Release|Any CPU
		{49394DA5-97FE-44A0-BC2E-55D4A902CF22}.Release|x86.Build.0 = Release|Any CPU
		{C2070AD3-68A3-4E9F-863E-34A3E891AFFA}.Debug|Any CPU.ActiveCfg = Debug|Any CPU
		{C2070AD3-68A3-4E9F-863E-34A3E891AFFA}.Debug|Any CPU.Build.0 = Debug|Any CPU
		{C2070AD3-68A3-4E9F-863E-34A3E891AFFA}.Debug|x86.ActiveCfg = Debug|Any CPU
		{C2070AD3-68A3-4E9F-863E-34A3E891AFFA}.Debug|x86.Build.0 = Debug|Any CPU
		{C2070AD3-68A3-4E9F-863E-34A3E891AFFA}.Release|Any CPU.ActiveCfg = Release|Any CPU
		{C2070AD3-68A3-4E9F-863E-34A3E891AFFA}.Release|Any CPU.Build.0 = Release|Any CPU
		{C2070AD3-68A3-4E9F-863E-34A3E891AFFA}.Release|x86.ActiveCfg = Release|Any CPU
		{C2070AD3-68A3-4E9F-863E-34A3E891AFFA}.Release|x86.Build.0 = Release|Any CPU
		{B3AB4FA8-4448-43F2-ADDE-E8DC87F0DACA}.Debug|Any CPU.ActiveCfg = Debug|Any CPU
		{B3AB4FA8-4448-43F2-ADDE-E8DC87F0DACA}.Debug|Any CPU.Build.0 = Debug|Any CPU
		{B3AB4FA8-4448-43F2-ADDE-E8DC87F0DACA}.Debug|x86.ActiveCfg = Debug|Any CPU
		{B3AB4FA8-4448-43F2-ADDE-E8DC87F0DACA}.Debug|x86.Build.0 = Debug|Any CPU
		{B3AB4FA8-4448-43F2-ADDE-E8DC87F0DACA}.Release|Any CPU.ActiveCfg = Release|Any CPU
		{B3AB4FA8-4448-43F2-ADDE-E8DC87F0DACA}.Release|Any CPU.Build.0 = Release|Any CPU
		{B3AB4FA8-4448-43F2-ADDE-E8DC87F0DACA}.Release|x86.ActiveCfg = Release|Any CPU
		{B3AB4FA8-4448-43F2-ADDE-E8DC87F0DACA}.Release|x86.Build.0 = Release|Any CPU
		{263CD02F-A251-450B-AA1E-377189C7BE2F}.Debug|Any CPU.ActiveCfg = Debug|Any CPU
		{263CD02F-A251-450B-AA1E-377189C7BE2F}.Debug|Any CPU.Build.0 = Debug|Any CPU
		{263CD02F-A251-450B-AA1E-377189C7BE2F}.Debug|x86.ActiveCfg = Debug|Any CPU
		{263CD02F-A251-450B-AA1E-377189C7BE2F}.Debug|x86.Build.0 = Debug|Any CPU
		{263CD02F-A251-450B-AA1E-377189C7BE2F}.Release|Any CPU.ActiveCfg = Release|Any CPU
		{263CD02F-A251-450B-AA1E-377189C7BE2F}.Release|Any CPU.Build.0 = Release|Any CPU
		{263CD02F-A251-450B-AA1E-377189C7BE2F}.Release|x86.ActiveCfg = Release|Any CPU
		{263CD02F-A251-450B-AA1E-377189C7BE2F}.Release|x86.Build.0 = Release|Any CPU
		{70AAEF23-087E-4039-AE05-C54122E5DE60}.Debug|Any CPU.ActiveCfg = Debug|Any CPU
		{70AAEF23-087E-4039-AE05-C54122E5DE60}.Debug|Any CPU.Build.0 = Debug|Any CPU
		{70AAEF23-087E-4039-AE05-C54122E5DE60}.Debug|x86.ActiveCfg = Debug|Any CPU
		{70AAEF23-087E-4039-AE05-C54122E5DE60}.Debug|x86.Build.0 = Debug|Any CPU
		{70AAEF23-087E-4039-AE05-C54122E5DE60}.Release|Any CPU.ActiveCfg = Release|Any CPU
		{70AAEF23-087E-4039-AE05-C54122E5DE60}.Release|Any CPU.Build.0 = Release|Any CPU
		{70AAEF23-087E-4039-AE05-C54122E5DE60}.Release|x86.ActiveCfg = Release|Any CPU
		{70AAEF23-087E-4039-AE05-C54122E5DE60}.Release|x86.Build.0 = Release|Any CPU
		{6EAA5056-D667-4805-8A48-855098AE4A33}.Debug|Any CPU.ActiveCfg = Debug|Any CPU
		{6EAA5056-D667-4805-8A48-855098AE4A33}.Debug|Any CPU.Build.0 = Debug|Any CPU
		{6EAA5056-D667-4805-8A48-855098AE4A33}.Debug|x86.ActiveCfg = Debug|Any CPU
		{6EAA5056-D667-4805-8A48-855098AE4A33}.Debug|x86.Build.0 = Debug|Any CPU
		{6EAA5056-D667-4805-8A48-855098AE4A33}.Release|Any CPU.ActiveCfg = Release|Any CPU
		{6EAA5056-D667-4805-8A48-855098AE4A33}.Release|Any CPU.Build.0 = Release|Any CPU
		{6EAA5056-D667-4805-8A48-855098AE4A33}.Release|x86.ActiveCfg = Release|Any CPU
		{6EAA5056-D667-4805-8A48-855098AE4A33}.Release|x86.Build.0 = Release|Any CPU
		{C288EF9E-D49C-48C5-8EB5-8BFC7277234C}.Debug|Any CPU.ActiveCfg = Debug|Any CPU
		{C288EF9E-D49C-48C5-8EB5-8BFC7277234C}.Debug|Any CPU.Build.0 = Debug|Any CPU
		{C288EF9E-D49C-48C5-8EB5-8BFC7277234C}.Debug|x86.ActiveCfg = Debug|Any CPU
		{C288EF9E-D49C-48C5-8EB5-8BFC7277234C}.Debug|x86.Build.0 = Debug|Any CPU
		{C288EF9E-D49C-48C5-8EB5-8BFC7277234C}.Release|Any CPU.ActiveCfg = Release|Any CPU
		{C288EF9E-D49C-48C5-8EB5-8BFC7277234C}.Release|Any CPU.Build.0 = Release|Any CPU
		{C288EF9E-D49C-48C5-8EB5-8BFC7277234C}.Release|x86.ActiveCfg = Release|Any CPU
		{C288EF9E-D49C-48C5-8EB5-8BFC7277234C}.Release|x86.Build.0 = Release|Any CPU
		{7C711BF1-84FE-4943-85FE-1EEFEFD21825}.Debug|Any CPU.ActiveCfg = Debug|Any CPU
		{7C711BF1-84FE-4943-85FE-1EEFEFD21825}.Debug|Any CPU.Build.0 = Debug|Any CPU
		{7C711BF1-84FE-4943-85FE-1EEFEFD21825}.Debug|x86.ActiveCfg = Debug|Any CPU
		{7C711BF1-84FE-4943-85FE-1EEFEFD21825}.Debug|x86.Build.0 = Debug|Any CPU
		{7C711BF1-84FE-4943-85FE-1EEFEFD21825}.Release|Any CPU.ActiveCfg = Release|Any CPU
		{7C711BF1-84FE-4943-85FE-1EEFEFD21825}.Release|Any CPU.Build.0 = Release|Any CPU
		{7C711BF1-84FE-4943-85FE-1EEFEFD21825}.Release|x86.ActiveCfg = Release|Any CPU
		{7C711BF1-84FE-4943-85FE-1EEFEFD21825}.Release|x86.Build.0 = Release|Any CPU
		{AD7571CC-A4D4-497C-8529-929A2A8793DA}.Debug|Any CPU.ActiveCfg = Debug|Any CPU
		{AD7571CC-A4D4-497C-8529-929A2A8793DA}.Debug|Any CPU.Build.0 = Debug|Any CPU
		{AD7571CC-A4D4-497C-8529-929A2A8793DA}.Debug|x86.ActiveCfg = Debug|Any CPU
		{AD7571CC-A4D4-497C-8529-929A2A8793DA}.Debug|x86.Build.0 = Debug|Any CPU
		{AD7571CC-A4D4-497C-8529-929A2A8793DA}.Release|Any CPU.ActiveCfg = Release|Any CPU
		{AD7571CC-A4D4-497C-8529-929A2A8793DA}.Release|Any CPU.Build.0 = Release|Any CPU
		{AD7571CC-A4D4-497C-8529-929A2A8793DA}.Release|x86.ActiveCfg = Release|Any CPU
		{AD7571CC-A4D4-497C-8529-929A2A8793DA}.Release|x86.Build.0 = Release|Any CPU
		{1BAB2347-CD32-4946-8678-6CF8A073DDF1}.Debug|Any CPU.ActiveCfg = Debug|Any CPU
		{1BAB2347-CD32-4946-8678-6CF8A073DDF1}.Debug|Any CPU.Build.0 = Debug|Any CPU
		{1BAB2347-CD32-4946-8678-6CF8A073DDF1}.Debug|x86.ActiveCfg = Debug|Any CPU
		{1BAB2347-CD32-4946-8678-6CF8A073DDF1}.Debug|x86.Build.0 = Debug|Any CPU
		{1BAB2347-CD32-4946-8678-6CF8A073DDF1}.Release|Any CPU.ActiveCfg = Release|Any CPU
		{1BAB2347-CD32-4946-8678-6CF8A073DDF1}.Release|Any CPU.Build.0 = Release|Any CPU
		{1BAB2347-CD32-4946-8678-6CF8A073DDF1}.Release|x86.ActiveCfg = Release|Any CPU
		{1BAB2347-CD32-4946-8678-6CF8A073DDF1}.Release|x86.Build.0 = Release|Any CPU
		{2D6FA357-1414-49EB-AEBE-15DDF4A0C48F}.Debug|Any CPU.ActiveCfg = Debug|Any CPU
		{2D6FA357-1414-49EB-AEBE-15DDF4A0C48F}.Debug|Any CPU.Build.0 = Debug|Any CPU
		{2D6FA357-1414-49EB-AEBE-15DDF4A0C48F}.Debug|x86.ActiveCfg = Debug|Any CPU
		{2D6FA357-1414-49EB-AEBE-15DDF4A0C48F}.Debug|x86.Build.0 = Debug|Any CPU
		{2D6FA357-1414-49EB-AEBE-15DDF4A0C48F}.Release|Any CPU.ActiveCfg = Release|Any CPU
		{2D6FA357-1414-49EB-AEBE-15DDF4A0C48F}.Release|Any CPU.Build.0 = Release|Any CPU
		{2D6FA357-1414-49EB-AEBE-15DDF4A0C48F}.Release|x86.ActiveCfg = Release|Any CPU
		{2D6FA357-1414-49EB-AEBE-15DDF4A0C48F}.Release|x86.Build.0 = Release|Any CPU
		{1A3305CC-8BF2-403A-B452-BC0D8D407874}.Debug|Any CPU.ActiveCfg = Debug|Any CPU
		{1A3305CC-8BF2-403A-B452-BC0D8D407874}.Debug|Any CPU.Build.0 = Debug|Any CPU
		{1A3305CC-8BF2-403A-B452-BC0D8D407874}.Debug|x86.ActiveCfg = Debug|Any CPU
		{1A3305CC-8BF2-403A-B452-BC0D8D407874}.Debug|x86.Build.0 = Debug|Any CPU
		{1A3305CC-8BF2-403A-B452-BC0D8D407874}.Release|Any CPU.ActiveCfg = Release|Any CPU
		{1A3305CC-8BF2-403A-B452-BC0D8D407874}.Release|Any CPU.Build.0 = Release|Any CPU
		{1A3305CC-8BF2-403A-B452-BC0D8D407874}.Release|x86.ActiveCfg = Release|Any CPU
		{1A3305CC-8BF2-403A-B452-BC0D8D407874}.Release|x86.Build.0 = Release|Any CPU
		{A7C26E68-2E01-413F-A77B-7FF11CACC333}.Debug|Any CPU.ActiveCfg = Debug|Any CPU
		{A7C26E68-2E01-413F-A77B-7FF11CACC333}.Debug|Any CPU.Build.0 = Debug|Any CPU
		{A7C26E68-2E01-413F-A77B-7FF11CACC333}.Debug|x86.ActiveCfg = Debug|Any CPU
		{A7C26E68-2E01-413F-A77B-7FF11CACC333}.Debug|x86.Build.0 = Debug|Any CPU
		{A7C26E68-2E01-413F-A77B-7FF11CACC333}.Release|Any CPU.ActiveCfg = Release|Any CPU
		{A7C26E68-2E01-413F-A77B-7FF11CACC333}.Release|Any CPU.Build.0 = Release|Any CPU
		{A7C26E68-2E01-413F-A77B-7FF11CACC333}.Release|x86.ActiveCfg = Release|Any CPU
		{A7C26E68-2E01-413F-A77B-7FF11CACC333}.Release|x86.Build.0 = Release|Any CPU
		{197E63F0-AADE-4B9D-A2B7-DFF3A5EFB74A}.Debug|Any CPU.ActiveCfg = Debug|x86
		{197E63F0-AADE-4B9D-A2B7-DFF3A5EFB74A}.Debug|x86.ActiveCfg = Debug|x86
		{197E63F0-AADE-4B9D-A2B7-DFF3A5EFB74A}.Debug|x86.Build.0 = Debug|x86
		{197E63F0-AADE-4B9D-A2B7-DFF3A5EFB74A}.Release|Any CPU.ActiveCfg = Release|x86
		{197E63F0-AADE-4B9D-A2B7-DFF3A5EFB74A}.Release|x86.ActiveCfg = Release|x86
		{197E63F0-AADE-4B9D-A2B7-DFF3A5EFB74A}.Release|x86.Build.0 = Release|x86
		{E567C228-D6B3-4C09-BEF7-8CCD7031FA10}.Debug|Any CPU.ActiveCfg = Debug|Any CPU
		{E567C228-D6B3-4C09-BEF7-8CCD7031FA10}.Debug|Any CPU.Build.0 = Debug|Any CPU
		{E567C228-D6B3-4C09-BEF7-8CCD7031FA10}.Debug|x86.ActiveCfg = Debug|Any CPU
		{E567C228-D6B3-4C09-BEF7-8CCD7031FA10}.Debug|x86.Build.0 = Debug|Any CPU
		{E567C228-D6B3-4C09-BEF7-8CCD7031FA10}.Release|Any CPU.ActiveCfg = Release|Any CPU
		{E567C228-D6B3-4C09-BEF7-8CCD7031FA10}.Release|Any CPU.Build.0 = Release|Any CPU
		{E567C228-D6B3-4C09-BEF7-8CCD7031FA10}.Release|x86.ActiveCfg = Release|Any CPU
		{E567C228-D6B3-4C09-BEF7-8CCD7031FA10}.Release|x86.Build.0 = Release|Any CPU
		{5395A9C7-4803-4374-A059-A58C95875F43}.Debug|Any CPU.ActiveCfg = Debug|Any CPU
		{5395A9C7-4803-4374-A059-A58C95875F43}.Debug|Any CPU.Build.0 = Debug|Any CPU
		{5395A9C7-4803-4374-A059-A58C95875F43}.Debug|x86.ActiveCfg = Debug|Any CPU
		{5395A9C7-4803-4374-A059-A58C95875F43}.Debug|x86.Build.0 = Debug|Any CPU
		{5395A9C7-4803-4374-A059-A58C95875F43}.Release|Any CPU.ActiveCfg = Release|Any CPU
		{5395A9C7-4803-4374-A059-A58C95875F43}.Release|Any CPU.Build.0 = Release|Any CPU
		{5395A9C7-4803-4374-A059-A58C95875F43}.Release|x86.ActiveCfg = Release|Any CPU
		{5395A9C7-4803-4374-A059-A58C95875F43}.Release|x86.Build.0 = Release|Any CPU
		{E70CE4C2-09C7-4795-AD0F-1E3A66B7930A}.Debug|Any CPU.ActiveCfg = Debug|Any CPU
		{E70CE4C2-09C7-4795-AD0F-1E3A66B7930A}.Debug|Any CPU.Build.0 = Debug|Any CPU
		{E70CE4C2-09C7-4795-AD0F-1E3A66B7930A}.Debug|x86.ActiveCfg = Debug|Any CPU
		{E70CE4C2-09C7-4795-AD0F-1E3A66B7930A}.Debug|x86.Build.0 = Debug|Any CPU
		{E70CE4C2-09C7-4795-AD0F-1E3A66B7930A}.Release|Any CPU.ActiveCfg = Release|Any CPU
		{E70CE4C2-09C7-4795-AD0F-1E3A66B7930A}.Release|Any CPU.Build.0 = Release|Any CPU
		{E70CE4C2-09C7-4795-AD0F-1E3A66B7930A}.Release|x86.ActiveCfg = Release|Any CPU
		{E70CE4C2-09C7-4795-AD0F-1E3A66B7930A}.Release|x86.Build.0 = Release|Any CPU
		{9CA31741-3BFF-46A2-AE80-25B606DC3510}.Debug|Any CPU.ActiveCfg = Debug|Any CPU
		{9CA31741-3BFF-46A2-AE80-25B606DC3510}.Debug|Any CPU.Build.0 = Debug|Any CPU
		{9CA31741-3BFF-46A2-AE80-25B606DC3510}.Debug|x86.ActiveCfg = Debug|Any CPU
		{9CA31741-3BFF-46A2-AE80-25B606DC3510}.Debug|x86.Build.0 = Debug|Any CPU
		{9CA31741-3BFF-46A2-AE80-25B606DC3510}.Release|Any CPU.ActiveCfg = Release|Any CPU
		{9CA31741-3BFF-46A2-AE80-25B606DC3510}.Release|Any CPU.Build.0 = Release|Any CPU
		{9CA31741-3BFF-46A2-AE80-25B606DC3510}.Release|x86.ActiveCfg = Release|Any CPU
		{9CA31741-3BFF-46A2-AE80-25B606DC3510}.Release|x86.Build.0 = Release|Any CPU
		{D523266D-49B7-4929-BFA3-8F7BE6237C87}.Debug|Any CPU.ActiveCfg = Debug|Any CPU
		{D523266D-49B7-4929-BFA3-8F7BE6237C87}.Debug|Any CPU.Build.0 = Debug|Any CPU
		{D523266D-49B7-4929-BFA3-8F7BE6237C87}.Debug|x86.ActiveCfg = Debug|Any CPU
		{D523266D-49B7-4929-BFA3-8F7BE6237C87}.Debug|x86.Build.0 = Debug|Any CPU
		{D523266D-49B7-4929-BFA3-8F7BE6237C87}.Release|Any CPU.ActiveCfg = Release|Any CPU
		{D523266D-49B7-4929-BFA3-8F7BE6237C87}.Release|Any CPU.Build.0 = Release|Any CPU
		{D523266D-49B7-4929-BFA3-8F7BE6237C87}.Release|x86.ActiveCfg = Release|Any CPU
		{D523266D-49B7-4929-BFA3-8F7BE6237C87}.Release|x86.Build.0 = Release|Any CPU
		{6DFA1C8F-70F0-4AE8-9E95-9B414ACFAED6}.Debug|Any CPU.ActiveCfg = Debug|Any CPU
		{6DFA1C8F-70F0-4AE8-9E95-9B414ACFAED6}.Debug|Any CPU.Build.0 = Debug|Any CPU
		{6DFA1C8F-70F0-4AE8-9E95-9B414ACFAED6}.Debug|x86.ActiveCfg = Debug|Any CPU
		{6DFA1C8F-70F0-4AE8-9E95-9B414ACFAED6}.Debug|x86.Build.0 = Debug|Any CPU
		{6DFA1C8F-70F0-4AE8-9E95-9B414ACFAED6}.Release|Any CPU.ActiveCfg = Release|Any CPU
		{6DFA1C8F-70F0-4AE8-9E95-9B414ACFAED6}.Release|Any CPU.Build.0 = Release|Any CPU
		{6DFA1C8F-70F0-4AE8-9E95-9B414ACFAED6}.Release|x86.ActiveCfg = Release|Any CPU
		{6DFA1C8F-70F0-4AE8-9E95-9B414ACFAED6}.Release|x86.Build.0 = Release|Any CPU
		{32833658-A3C7-4ADC-A72E-7DCFEFF593D4}.Debug|Any CPU.ActiveCfg = Debug|Any CPU
		{32833658-A3C7-4ADC-A72E-7DCFEFF593D4}.Debug|Any CPU.Build.0 = Debug|Any CPU
		{32833658-A3C7-4ADC-A72E-7DCFEFF593D4}.Debug|x86.ActiveCfg = Debug|Any CPU
		{32833658-A3C7-4ADC-A72E-7DCFEFF593D4}.Debug|x86.Build.0 = Debug|Any CPU
		{32833658-A3C7-4ADC-A72E-7DCFEFF593D4}.Release|Any CPU.ActiveCfg = Release|Any CPU
		{32833658-A3C7-4ADC-A72E-7DCFEFF593D4}.Release|Any CPU.Build.0 = Release|Any CPU
		{32833658-A3C7-4ADC-A72E-7DCFEFF593D4}.Release|x86.ActiveCfg = Release|Any CPU
		{32833658-A3C7-4ADC-A72E-7DCFEFF593D4}.Release|x86.Build.0 = Release|Any CPU
		{B9EFFEA6-3A53-4D7F-8DDE-660112C05AC4}.Debug|Any CPU.ActiveCfg = Debug|Any CPU
		{B9EFFEA6-3A53-4D7F-8DDE-660112C05AC4}.Debug|Any CPU.Build.0 = Debug|Any CPU
		{B9EFFEA6-3A53-4D7F-8DDE-660112C05AC4}.Debug|x86.ActiveCfg = Debug|Any CPU
		{B9EFFEA6-3A53-4D7F-8DDE-660112C05AC4}.Debug|x86.Build.0 = Debug|Any CPU
		{B9EFFEA6-3A53-4D7F-8DDE-660112C05AC4}.Release|Any CPU.ActiveCfg = Release|Any CPU
		{B9EFFEA6-3A53-4D7F-8DDE-660112C05AC4}.Release|Any CPU.Build.0 = Release|Any CPU
		{B9EFFEA6-3A53-4D7F-8DDE-660112C05AC4}.Release|x86.ActiveCfg = Release|Any CPU
		{B9EFFEA6-3A53-4D7F-8DDE-660112C05AC4}.Release|x86.Build.0 = Release|Any CPU
		{3CCCB91C-4F86-43C0-A303-4D0B79BC4DC2}.Debug|Any CPU.ActiveCfg = Debug|Any CPU
		{3CCCB91C-4F86-43C0-A303-4D0B79BC4DC2}.Debug|Any CPU.Build.0 = Debug|Any CPU
		{3CCCB91C-4F86-43C0-A303-4D0B79BC4DC2}.Debug|x86.ActiveCfg = Debug|Any CPU
		{3CCCB91C-4F86-43C0-A303-4D0B79BC4DC2}.Debug|x86.Build.0 = Debug|Any CPU
		{3CCCB91C-4F86-43C0-A303-4D0B79BC4DC2}.Release|Any CPU.ActiveCfg = Release|Any CPU
		{3CCCB91C-4F86-43C0-A303-4D0B79BC4DC2}.Release|Any CPU.Build.0 = Release|Any CPU
		{3CCCB91C-4F86-43C0-A303-4D0B79BC4DC2}.Release|x86.ActiveCfg = Release|Any CPU
		{3CCCB91C-4F86-43C0-A303-4D0B79BC4DC2}.Release|x86.Build.0 = Release|Any CPU
		{358C094B-620C-47C6-A5C1-D69E52146E96}.Debug|Any CPU.ActiveCfg = Debug|Any CPU
		{358C094B-620C-47C6-A5C1-D69E52146E96}.Debug|Any CPU.Build.0 = Debug|Any CPU
		{358C094B-620C-47C6-A5C1-D69E52146E96}.Debug|x86.ActiveCfg = Debug|Any CPU
		{358C094B-620C-47C6-A5C1-D69E52146E96}.Debug|x86.Build.0 = Debug|Any CPU
		{358C094B-620C-47C6-A5C1-D69E52146E96}.Release|Any CPU.ActiveCfg = Release|Any CPU
		{358C094B-620C-47C6-A5C1-D69E52146E96}.Release|Any CPU.Build.0 = Release|Any CPU
		{358C094B-620C-47C6-A5C1-D69E52146E96}.Release|x86.ActiveCfg = Release|Any CPU
		{358C094B-620C-47C6-A5C1-D69E52146E96}.Release|x86.Build.0 = Release|Any CPU
		{B07EB304-1276-48BA-AF05-57E40975B25F}.Debug|Any CPU.ActiveCfg = Debug|Any CPU
		{B07EB304-1276-48BA-AF05-57E40975B25F}.Debug|Any CPU.Build.0 = Debug|Any CPU
		{B07EB304-1276-48BA-AF05-57E40975B25F}.Debug|x86.ActiveCfg = Debug|Any CPU
		{B07EB304-1276-48BA-AF05-57E40975B25F}.Debug|x86.Build.0 = Debug|Any CPU
		{B07EB304-1276-48BA-AF05-57E40975B25F}.Release|Any CPU.ActiveCfg = Release|Any CPU
		{B07EB304-1276-48BA-AF05-57E40975B25F}.Release|Any CPU.Build.0 = Release|Any CPU
		{B07EB304-1276-48BA-AF05-57E40975B25F}.Release|x86.ActiveCfg = Release|Any CPU
		{B07EB304-1276-48BA-AF05-57E40975B25F}.Release|x86.Build.0 = Release|Any CPU
		{85E2EA18-DB71-4922-82EA-46DB671B6A4A}.Debug|Any CPU.ActiveCfg = Debug|Any CPU
		{85E2EA18-DB71-4922-82EA-46DB671B6A4A}.Debug|Any CPU.Build.0 = Debug|Any CPU
		{85E2EA18-DB71-4922-82EA-46DB671B6A4A}.Debug|x86.ActiveCfg = Debug|Any CPU
		{85E2EA18-DB71-4922-82EA-46DB671B6A4A}.Debug|x86.Build.0 = Debug|Any CPU
		{85E2EA18-DB71-4922-82EA-46DB671B6A4A}.Release|Any CPU.ActiveCfg = Release|Any CPU
		{85E2EA18-DB71-4922-82EA-46DB671B6A4A}.Release|Any CPU.Build.0 = Release|Any CPU
		{85E2EA18-DB71-4922-82EA-46DB671B6A4A}.Release|x86.ActiveCfg = Release|Any CPU
		{85E2EA18-DB71-4922-82EA-46DB671B6A4A}.Release|x86.Build.0 = Release|Any CPU
		{4B377587-E665-42F4-BB52-F0419C82D5C1}.Debug|Any CPU.ActiveCfg = Debug|Any CPU
		{4B377587-E665-42F4-BB52-F0419C82D5C1}.Debug|Any CPU.Build.0 = Debug|Any CPU
		{4B377587-E665-42F4-BB52-F0419C82D5C1}.Debug|x86.ActiveCfg = Debug|Any CPU
		{4B377587-E665-42F4-BB52-F0419C82D5C1}.Debug|x86.Build.0 = Debug|Any CPU
		{4B377587-E665-42F4-BB52-F0419C82D5C1}.Release|Any CPU.ActiveCfg = Release|Any CPU
		{4B377587-E665-42F4-BB52-F0419C82D5C1}.Release|Any CPU.Build.0 = Release|Any CPU
		{4B377587-E665-42F4-BB52-F0419C82D5C1}.Release|x86.ActiveCfg = Release|Any CPU
		{4B377587-E665-42F4-BB52-F0419C82D5C1}.Release|x86.Build.0 = Release|Any CPU
		{BD3FA984-7CDD-4C0F-9ACB-C10B71A1E627}.Debug|Any CPU.ActiveCfg = Debug|Any CPU
		{BD3FA984-7CDD-4C0F-9ACB-C10B71A1E627}.Debug|Any CPU.Build.0 = Debug|Any CPU
		{BD3FA984-7CDD-4C0F-9ACB-C10B71A1E627}.Debug|x86.ActiveCfg = Debug|Any CPU
		{BD3FA984-7CDD-4C0F-9ACB-C10B71A1E627}.Debug|x86.Build.0 = Debug|Any CPU
		{BD3FA984-7CDD-4C0F-9ACB-C10B71A1E627}.Release|Any CPU.ActiveCfg = Release|Any CPU
		{BD3FA984-7CDD-4C0F-9ACB-C10B71A1E627}.Release|Any CPU.Build.0 = Release|Any CPU
		{BD3FA984-7CDD-4C0F-9ACB-C10B71A1E627}.Release|x86.ActiveCfg = Release|Any CPU
		{BD3FA984-7CDD-4C0F-9ACB-C10B71A1E627}.Release|x86.Build.0 = Release|Any CPU
		{5EC4E925-6E8C-4772-A241-B5F38C20A2B8}.Debug|Any CPU.ActiveCfg = Debug|Any CPU
		{5EC4E925-6E8C-4772-A241-B5F38C20A2B8}.Debug|Any CPU.Build.0 = Debug|Any CPU
		{5EC4E925-6E8C-4772-A241-B5F38C20A2B8}.Debug|x86.ActiveCfg = Debug|Any CPU
		{5EC4E925-6E8C-4772-A241-B5F38C20A2B8}.Debug|x86.Build.0 = Debug|Any CPU
		{5EC4E925-6E8C-4772-A241-B5F38C20A2B8}.Release|Any CPU.ActiveCfg = Release|Any CPU
		{5EC4E925-6E8C-4772-A241-B5F38C20A2B8}.Release|Any CPU.Build.0 = Release|Any CPU
		{5EC4E925-6E8C-4772-A241-B5F38C20A2B8}.Release|x86.ActiveCfg = Release|Any CPU
		{5EC4E925-6E8C-4772-A241-B5F38C20A2B8}.Release|x86.Build.0 = Release|Any CPU
		{39F3B8B6-FBC9-4A42-88A5-33F03E767430}.Debug|Any CPU.ActiveCfg = Debug|Any CPU
		{39F3B8B6-FBC9-4A42-88A5-33F03E767430}.Debug|Any CPU.Build.0 = Debug|Any CPU
		{39F3B8B6-FBC9-4A42-88A5-33F03E767430}.Debug|x86.ActiveCfg = Debug|Any CPU
		{39F3B8B6-FBC9-4A42-88A5-33F03E767430}.Debug|x86.Build.0 = Debug|Any CPU
		{39F3B8B6-FBC9-4A42-88A5-33F03E767430}.Release|Any CPU.ActiveCfg = Release|Any CPU
		{39F3B8B6-FBC9-4A42-88A5-33F03E767430}.Release|Any CPU.Build.0 = Release|Any CPU
		{39F3B8B6-FBC9-4A42-88A5-33F03E767430}.Release|x86.ActiveCfg = Release|Any CPU
		{39F3B8B6-FBC9-4A42-88A5-33F03E767430}.Release|x86.Build.0 = Release|Any CPU
		{1CCDC262-020B-46AA-9AE3-C2DF9584C24D}.Debug|Any CPU.ActiveCfg = Debug|Any CPU
		{1CCDC262-020B-46AA-9AE3-C2DF9584C24D}.Debug|Any CPU.Build.0 = Debug|Any CPU
		{1CCDC262-020B-46AA-9AE3-C2DF9584C24D}.Debug|x86.ActiveCfg = Debug|Any CPU
		{1CCDC262-020B-46AA-9AE3-C2DF9584C24D}.Debug|x86.Build.0 = Debug|Any CPU
		{1CCDC262-020B-46AA-9AE3-C2DF9584C24D}.Release|Any CPU.ActiveCfg = Release|Any CPU
		{1CCDC262-020B-46AA-9AE3-C2DF9584C24D}.Release|Any CPU.Build.0 = Release|Any CPU
		{1CCDC262-020B-46AA-9AE3-C2DF9584C24D}.Release|x86.ActiveCfg = Release|Any CPU
		{1CCDC262-020B-46AA-9AE3-C2DF9584C24D}.Release|x86.Build.0 = Release|Any CPU
		{B012D9E2-CC6D-407F-A9C5-AE8EC5136A8C}.Debug|Any CPU.ActiveCfg = Debug|Any CPU
		{B012D9E2-CC6D-407F-A9C5-AE8EC5136A8C}.Debug|Any CPU.Build.0 = Debug|Any CPU
		{B012D9E2-CC6D-407F-A9C5-AE8EC5136A8C}.Debug|x86.ActiveCfg = Debug|Any CPU
		{B012D9E2-CC6D-407F-A9C5-AE8EC5136A8C}.Debug|x86.Build.0 = Debug|Any CPU
		{B012D9E2-CC6D-407F-A9C5-AE8EC5136A8C}.Release|Any CPU.ActiveCfg = Release|Any CPU
		{B012D9E2-CC6D-407F-A9C5-AE8EC5136A8C}.Release|Any CPU.Build.0 = Release|Any CPU
		{B012D9E2-CC6D-407F-A9C5-AE8EC5136A8C}.Release|x86.ActiveCfg = Release|Any CPU
		{B012D9E2-CC6D-407F-A9C5-AE8EC5136A8C}.Release|x86.Build.0 = Release|Any CPU
		{A99C7260-A2D4-4B8B-B223-8014CC6F8F8E}.Debug|Any CPU.ActiveCfg = Debug|Any CPU
		{A99C7260-A2D4-4B8B-B223-8014CC6F8F8E}.Debug|Any CPU.Build.0 = Debug|Any CPU
		{A99C7260-A2D4-4B8B-B223-8014CC6F8F8E}.Debug|x86.ActiveCfg = Debug|Any CPU
		{A99C7260-A2D4-4B8B-B223-8014CC6F8F8E}.Debug|x86.Build.0 = Debug|Any CPU
		{A99C7260-A2D4-4B8B-B223-8014CC6F8F8E}.Release|Any CPU.ActiveCfg = Release|Any CPU
		{A99C7260-A2D4-4B8B-B223-8014CC6F8F8E}.Release|Any CPU.Build.0 = Release|Any CPU
		{A99C7260-A2D4-4B8B-B223-8014CC6F8F8E}.Release|x86.ActiveCfg = Release|Any CPU
		{A99C7260-A2D4-4B8B-B223-8014CC6F8F8E}.Release|x86.Build.0 = Release|Any CPU
		{1C054C07-A0D3-4544-B465-850BD15ED4CA}.Debug|Any CPU.ActiveCfg = Debug|Any CPU
		{1C054C07-A0D3-4544-B465-850BD15ED4CA}.Debug|Any CPU.Build.0 = Debug|Any CPU
		{1C054C07-A0D3-4544-B465-850BD15ED4CA}.Debug|x86.ActiveCfg = Debug|Any CPU
		{1C054C07-A0D3-4544-B465-850BD15ED4CA}.Debug|x86.Build.0 = Debug|Any CPU
		{1C054C07-A0D3-4544-B465-850BD15ED4CA}.Release|Any CPU.ActiveCfg = Release|Any CPU
		{1C054C07-A0D3-4544-B465-850BD15ED4CA}.Release|Any CPU.Build.0 = Release|Any CPU
		{1C054C07-A0D3-4544-B465-850BD15ED4CA}.Release|x86.ActiveCfg = Release|Any CPU
		{1C054C07-A0D3-4544-B465-850BD15ED4CA}.Release|x86.Build.0 = Release|Any CPU
		{1FAB3EFA-2B4B-42F2-9A15-8D79DA1CE370}.Debug|Any CPU.ActiveCfg = Debug|Any CPU
		{1FAB3EFA-2B4B-42F2-9A15-8D79DA1CE370}.Debug|Any CPU.Build.0 = Debug|Any CPU
		{1FAB3EFA-2B4B-42F2-9A15-8D79DA1CE370}.Debug|x86.ActiveCfg = Debug|Any CPU
		{1FAB3EFA-2B4B-42F2-9A15-8D79DA1CE370}.Debug|x86.Build.0 = Debug|Any CPU
		{1FAB3EFA-2B4B-42F2-9A15-8D79DA1CE370}.Release|Any CPU.ActiveCfg = Release|Any CPU
		{1FAB3EFA-2B4B-42F2-9A15-8D79DA1CE370}.Release|Any CPU.Build.0 = Release|Any CPU
		{1FAB3EFA-2B4B-42F2-9A15-8D79DA1CE370}.Release|x86.ActiveCfg = Release|Any CPU
		{1FAB3EFA-2B4B-42F2-9A15-8D79DA1CE370}.Release|x86.Build.0 = Release|Any CPU
		{30BB4772-ED87-4FD3-A12C-FF15D6CCEF0C}.Debug|Any CPU.ActiveCfg = Debug|Any CPU
		{30BB4772-ED87-4FD3-A12C-FF15D6CCEF0C}.Debug|Any CPU.Build.0 = Debug|Any CPU
		{30BB4772-ED87-4FD3-A12C-FF15D6CCEF0C}.Debug|x86.ActiveCfg = Debug|Any CPU
		{30BB4772-ED87-4FD3-A12C-FF15D6CCEF0C}.Debug|x86.Build.0 = Debug|Any CPU
		{30BB4772-ED87-4FD3-A12C-FF15D6CCEF0C}.Release|Any CPU.ActiveCfg = Release|Any CPU
		{30BB4772-ED87-4FD3-A12C-FF15D6CCEF0C}.Release|Any CPU.Build.0 = Release|Any CPU
		{30BB4772-ED87-4FD3-A12C-FF15D6CCEF0C}.Release|x86.ActiveCfg = Release|Any CPU
		{30BB4772-ED87-4FD3-A12C-FF15D6CCEF0C}.Release|x86.Build.0 = Release|Any CPU
		{48B23D33-63BA-4598-ADAB-3727F54135F4}.Debug|Any CPU.ActiveCfg = Debug|Any CPU
		{48B23D33-63BA-4598-ADAB-3727F54135F4}.Debug|Any CPU.Build.0 = Debug|Any CPU
		{48B23D33-63BA-4598-ADAB-3727F54135F4}.Debug|x86.ActiveCfg = Debug|Any CPU
		{48B23D33-63BA-4598-ADAB-3727F54135F4}.Debug|x86.Build.0 = Debug|Any CPU
		{48B23D33-63BA-4598-ADAB-3727F54135F4}.Release|Any CPU.ActiveCfg = Release|Any CPU
		{48B23D33-63BA-4598-ADAB-3727F54135F4}.Release|Any CPU.Build.0 = Release|Any CPU
		{48B23D33-63BA-4598-ADAB-3727F54135F4}.Release|x86.ActiveCfg = Release|Any CPU
		{48B23D33-63BA-4598-ADAB-3727F54135F4}.Release|x86.Build.0 = Release|Any CPU
	EndGlobalSection
	GlobalSection(SolutionProperties) = preSolution
		HideSolutionNode = FALSE
	EndGlobalSection
	GlobalSection(NestedProjects) = preSolution
		{3C594A77-AF65-4D47-A96A-E59B75E04E65} = {2D4F47F0-AF1D-4349-BC6C-180881B1ADE8}
		{7C711BF1-84FE-4943-85FE-1EEFEFD21825} = {2D4F47F0-AF1D-4349-BC6C-180881B1ADE8}
		{5395A9C7-4803-4374-A059-A58C95875F43} = {2D4F47F0-AF1D-4349-BC6C-180881B1ADE8}
		{E70CE4C2-09C7-4795-AD0F-1E3A66B7930A} = {2D4F47F0-AF1D-4349-BC6C-180881B1ADE8}
		{9CA31741-3BFF-46A2-AE80-25B606DC3510} = {2D4F47F0-AF1D-4349-BC6C-180881B1ADE8}
		{D523266D-49B7-4929-BFA3-8F7BE6237C87} = {2D4F47F0-AF1D-4349-BC6C-180881B1ADE8}
		{6DFA1C8F-70F0-4AE8-9E95-9B414ACFAED6} = {2D4F47F0-AF1D-4349-BC6C-180881B1ADE8}
		{32833658-A3C7-4ADC-A72E-7DCFEFF593D4} = {ED364E3B-09C7-49D2-BBDB-38487962E061}
		{B9EFFEA6-3A53-4D7F-8DDE-660112C05AC4} = {2D4F47F0-AF1D-4349-BC6C-180881B1ADE8}
		{85E2EA18-DB71-4922-82EA-46DB671B6A4A} = {FDEEDEF3-89E7-417C-9D6D-CADFE6EBB94B}
		{4B377587-E665-42F4-BB52-F0419C82D5C1} = {FDEEDEF3-89E7-417C-9D6D-CADFE6EBB94B}
		{BD3FA984-7CDD-4C0F-9ACB-C10B71A1E627} = {FDEEDEF3-89E7-417C-9D6D-CADFE6EBB94B}
		{5EC4E925-6E8C-4772-A241-B5F38C20A2B8} = {FDEEDEF3-89E7-417C-9D6D-CADFE6EBB94B}
		{39F3B8B6-FBC9-4A42-88A5-33F03E767430} = {FDEEDEF3-89E7-417C-9D6D-CADFE6EBB94B}
		{A99C7260-A2D4-4B8B-B223-8014CC6F8F8E} = {FDEEDEF3-89E7-417C-9D6D-CADFE6EBB94B}
		{1C054C07-A0D3-4544-B465-850BD15ED4CA} = {FDEEDEF3-89E7-417C-9D6D-CADFE6EBB94B}
		{30BB4772-ED87-4FD3-A12C-FF15D6CCEF0C} = {32B2EED6-3D56-471C-ACF8-977ED42E60B2}
		{48B23D33-63BA-4598-ADAB-3727F54135F4} = {32B2EED6-3D56-471C-ACF8-977ED42E60B2}
	EndGlobalSection
	GlobalSection(ExtensibilityGlobals) = postSolution
		SolutionGuid = {87E5F3E9-D721-4408-B3DE-27775711C8C2}
	EndGlobalSection
EndGlobal
